// !$*UTF8*$!
{
	archiveVersion = 1;
	classes = {
	};
	objectVersion = 77;
	objects = {

/* Begin PBXBuildFile section */
		AA2DAC942F04B605002879CD /* test Watch App.app in Embed Watch Content */ = {isa = PBXBuildFile; fileRef = AA2DAC932F04B605002879CD /* test Watch App.app */; settings = {ATTRIBUTES = (RemoveHeadersOnCopy, ); }; };
		AA2DACDE2F058611002879CD /* Copus in Frameworks */ = {isa = PBXBuildFile; productRef = AA2DACDD2F058611002879CD /* Copus */; };
		AA2DACE02F058611002879CD /* Opus in Frameworks */ = {isa = PBXBuildFile; productRef = AA2DACDF2F058611002879CD /* Opus */; };
/* End PBXBuildFile section */

/* Begin PBXContainerItemProxy section */
		AA2DAC952F04B605002879CD /* PBXContainerItemProxy */ = {
			isa = PBXContainerItemProxy;
			containerPortal = AA2DAC872F04B604002879CD /* Project object */;
			proxyType = 1;
			remoteGlobalIDString = AA2DAC922F04B605002879CD;
			remoteInfo = "test Watch App";
		};
		AA2DACA32F04B607002879CD /* PBXContainerItemProxy */ = {
			isa = PBXContainerItemProxy;
			containerPortal = AA2DAC872F04B604002879CD /* Project object */;
			proxyType = 1;
			remoteGlobalIDString = AA2DAC922F04B605002879CD;
			remoteInfo = "test Watch App";
		};
		AA2DACAD2F04B607002879CD /* PBXContainerItemProxy */ = {
			isa = PBXContainerItemProxy;
			containerPortal = AA2DAC872F04B604002879CD /* Project object */;
			proxyType = 1;
			remoteGlobalIDString = AA2DAC922F04B605002879CD;
			remoteInfo = "test Watch App";
		};
/* End PBXContainerItemProxy section */

/* Begin PBXCopyFilesBuildPhase section */
		AA2DACB92F04B607002879CD /* Embed Watch Content */ = {
			isa = PBXCopyFilesBuildPhase;
			buildActionMask = 2147483647;
			dstPath = "$(CONTENTS_FOLDER_PATH)/Watch";
			dstSubfolderSpec = 16;
			files = (
				AA2DAC942F04B605002879CD /* test Watch App.app in Embed Watch Content */,
			);
			name = "Embed Watch Content";
			runOnlyForDeploymentPostprocessing = 0;
		};
/* End PBXCopyFilesBuildPhase section */

/* Begin PBXFileReference section */
		AA2DAC8D2F04B605002879CD /* test.app */ = {isa = PBXFileReference; explicitFileType = wrapper.application; includeInIndex = 0; path = test.app; sourceTree = BUILT_PRODUCTS_DIR; };
		AA2DAC932F04B605002879CD /* test Watch App.app */ = {isa = PBXFileReference; explicitFileType = wrapper.application; includeInIndex = 0; path = "test Watch App.app"; sourceTree = BUILT_PRODUCTS_DIR; };
		AA2DACA22F04B607002879CD /* test Watch AppTests.xctest */ = {isa = PBXFileReference; explicitFileType = wrapper.cfbundle; includeInIndex = 0; path = "test Watch AppTests.xctest"; sourceTree = BUILT_PRODUCTS_DIR; };
		AA2DACAC2F04B607002879CD /* test Watch AppUITests.xctest */ = {isa = PBXFileReference; explicitFileType = wrapper.cfbundle; includeInIndex = 0; path = "test Watch AppUITests.xctest"; sourceTree = BUILT_PRODUCTS_DIR; };
/* End PBXFileReference section */

/* Begin PBXFileSystemSynchronizedRootGroup section */
		AA2DAC972F04B605002879CD /* test Watch App */ = {
			isa = PBXFileSystemSynchronizedRootGroup;
			path = "test Watch App";
			sourceTree = "<group>";
		};
		AA2DACA52F04B607002879CD /* test Watch AppTests */ = {
			isa = PBXFileSystemSynchronizedRootGroup;
			path = "test Watch AppTests";
			sourceTree = "<group>";
		};
		AA2DACAF2F04B607002879CD /* test Watch AppUITests */ = {
			isa = PBXFileSystemSynchronizedRootGroup;
			path = "test Watch AppUITests";
			sourceTree = "<group>";
		};
/* End PBXFileSystemSynchronizedRootGroup section */

/* Begin PBXFrameworksBuildPhase section */
		AA2DAC902F04B605002879CD /* Frameworks */ = {
			isa = PBXFrameworksBuildPhase;
			buildActionMask = 2147483647;
			files = (
				AA2DACDE2F058611002879CD /* Copus in Frameworks */,
				AA2DACE02F058611002879CD /* Opus in Frameworks */,
			);
			runOnlyForDeploymentPostprocessing = 0;
		};
		AA2DAC9F2F04B607002879CD /* Frameworks */ = {
			isa = PBXFrameworksBuildPhase;
			buildActionMask = 2147483647;
			files = (
			);
			runOnlyForDeploymentPostprocessing = 0;
		};
		AA2DACA92F04B607002879CD /* Frameworks */ = {
			isa = PBXFrameworksBuildPhase;
			buildActionMask = 2147483647;
			files = (
			);
			runOnlyForDeploymentPostprocessing = 0;
		};
/* End PBXFrameworksBuildPhase section */

/* Begin PBXGroup section */
		AA2DAC862F04B604002879CD = {
			isa = PBXGroup;
			children = (
				AA2DAC972F04B605002879CD /* test Watch App */,
				AA2DACA52F04B607002879CD /* test Watch AppTests */,
				AA2DACAF2F04B607002879CD /* test Watch AppUITests */,
				AA2DAC8E2F04B605002879CD /* Products */,
			);
			sourceTree = "<group>";
		};
		AA2DAC8E2F04B605002879CD /* Products */ = {
			isa = PBXGroup;
			children = (
				AA2DAC8D2F04B605002879CD /* test.app */,
				AA2DAC932F04B605002879CD /* test Watch App.app */,
				AA2DACA22F04B607002879CD /* test Watch AppTests.xctest */,
				AA2DACAC2F04B607002879CD /* test Watch AppUITests.xctest */,
			);
			name = Products;
			sourceTree = "<group>";
		};
/* End PBXGroup section */

/* Begin PBXNativeTarget section */
		AA2DAC8C2F04B605002879CD /* test */ = {
			isa = PBXNativeTarget;
			buildConfigurationList = AA2DACBA2F04B607002879CD /* Build configuration list for PBXNativeTarget "test" */;
			buildPhases = (
				AA2DAC8B2F04B605002879CD /* Resources */,
				AA2DACB92F04B607002879CD /* Embed Watch Content */,
			);
			buildRules = (
			);
			dependencies = (
				AA2DAC962F04B605002879CD /* PBXTargetDependency */,
			);
			name = test;
			packageProductDependencies = (
			);
			productName = test;
			productReference = AA2DAC8D2F04B605002879CD /* test.app */;
			productType = "com.apple.product-type.application.watchapp2-container";
		};
		AA2DAC922F04B605002879CD /* test Watch App */ = {
			isa = PBXNativeTarget;
			buildConfigurationList = AA2DACB62F04B607002879CD /* Build configuration list for PBXNativeTarget "test Watch App" */;
			buildPhases = (
				AA2DAC8F2F04B605002879CD /* Sources */,
				AA2DAC902F04B605002879CD /* Frameworks */,
				AA2DAC912F04B605002879CD /* Resources */,
			);
			buildRules = (
			);
			dependencies = (
			);
			fileSystemSynchronizedGroups = (
				AA2DAC972F04B605002879CD /* test Watch App */,
			);
			name = "test Watch App";
			packageProductDependencies = (
				AA2DACDD2F058611002879CD /* Copus */,
				AA2DACDF2F058611002879CD /* Opus */,
			);
			productName = "test Watch App";
			productReference = AA2DAC932F04B605002879CD /* test Watch App.app */;
			productType = "com.apple.product-type.application";
		};
		AA2DACA12F04B607002879CD /* test Watch AppTests */ = {
			isa = PBXNativeTarget;
			buildConfigurationList = AA2DACBD2F04B607002879CD /* Build configuration list for PBXNativeTarget "test Watch AppTests" */;
			buildPhases = (
				AA2DAC9E2F04B607002879CD /* Sources */,
				AA2DAC9F2F04B607002879CD /* Frameworks */,
				AA2DACA02F04B607002879CD /* Resources */,
			);
			buildRules = (
			);
			dependencies = (
				AA2DACA42F04B607002879CD /* PBXTargetDependency */,
			);
			fileSystemSynchronizedGroups = (
				AA2DACA52F04B607002879CD /* test Watch AppTests */,
			);
			name = "test Watch AppTests";
			packageProductDependencies = (
			);
			productName = "test Watch AppTests";
			productReference = AA2DACA22F04B607002879CD /* test Watch AppTests.xctest */;
			productType = "com.apple.product-type.bundle.unit-test";
		};
		AA2DACAB2F04B607002879CD /* test Watch AppUITests */ = {
			isa = PBXNativeTarget;
			buildConfigurationList = AA2DACC02F04B607002879CD /* Build configuration list for PBXNativeTarget "test Watch AppUITests" */;
			buildPhases = (
				AA2DACA82F04B607002879CD /* Sources */,
				AA2DACA92F04B607002879CD /* Frameworks */,
				AA2DACAA2F04B607002879CD /* Resources */,
			);
			buildRules = (
			);
			dependencies = (
				AA2DACAE2F04B607002879CD /* PBXTargetDependency */,
			);
			fileSystemSynchronizedGroups = (
				AA2DACAF2F04B607002879CD /* test Watch AppUITests */,
			);
			name = "test Watch AppUITests";
			packageProductDependencies = (
			);
			productName = "test Watch AppUITests";
			productReference = AA2DACAC2F04B607002879CD /* test Watch AppUITests.xctest */;
			productType = "com.apple.product-type.bundle.ui-testing";
		};
/* End PBXNativeTarget section */

/* Begin PBXProject section */
		AA2DAC872F04B604002879CD /* Project object */ = {
			isa = PBXProject;
			attributes = {
				BuildIndependentTargetsInParallel = 1;
				LastSwiftUpdateCheck = 2620;
				LastUpgradeCheck = 2620;
				TargetAttributes = {
					AA2DAC8C2F04B605002879CD = {
						CreatedOnToolsVersion = 26.2;
					};
					AA2DAC922F04B605002879CD = {
						CreatedOnToolsVersion = 26.2;
					};
					AA2DACA12F04B607002879CD = {
						CreatedOnToolsVersion = 26.2;
						TestTargetID = AA2DAC922F04B605002879CD;
					};
					AA2DACAB2F04B607002879CD = {
						CreatedOnToolsVersion = 26.2;
						TestTargetID = AA2DAC922F04B605002879CD;
					};
				};
			};
			buildConfigurationList = AA2DAC8A2F04B604002879CD /* Build configuration list for PBXProject "test" */;
			developmentRegion = en;
			hasScannedForEncodings = 0;
			knownRegions = (
				en,
				Base,
			);
			mainGroup = AA2DAC862F04B604002879CD;
			minimizedProjectReferenceProxies = 1;
			packageReferences = (
				AA2DACDC2F058611002879CD /* XCRemoteSwiftPackageReference "swift-opus" */,
			);
			preferredProjectObjectVersion = 77;
			productRefGroup = AA2DAC8E2F04B605002879CD /* Products */;
			projectDirPath = "";
			projectRoot = "";
			targets = (
				AA2DAC8C2F04B605002879CD /* test */,
				AA2DAC922F04B605002879CD /* test Watch App */,
				AA2DACA12F04B607002879CD /* test Watch AppTests */,
				AA2DACAB2F04B607002879CD /* test Watch AppUITests */,
			);
		};
/* End PBXProject section */

/* Begin PBXResourcesBuildPhase section */
		AA2DAC8B2F04B605002879CD /* Resources */ = {
			isa = PBXResourcesBuildPhase;
			buildActionMask = 2147483647;
			files = (
			);
			runOnlyForDeploymentPostprocessing = 0;
		};
		AA2DAC912F04B605002879CD /* Resources */ = {
			isa = PBXResourcesBuildPhase;
			buildActionMask = 2147483647;
			files = (
			);
			runOnlyForDeploymentPostprocessing = 0;
		};
		AA2DACA02F04B607002879CD /* Resources */ = {
			isa = PBXResourcesBuildPhase;
			buildActionMask = 2147483647;
			files = (
			);
			runOnlyForDeploymentPostprocessing = 0;
		};
		AA2DACAA2F04B607002879CD /* Resources */ = {
			isa = PBXResourcesBuildPhase;
			buildActionMask = 2147483647;
			files = (
			);
			runOnlyForDeploymentPostprocessing = 0;
		};
/* End PBXResourcesBuildPhase section */

/* Begin PBXSourcesBuildPhase section */
		AA2DAC8F2F04B605002879CD /* Sources */ = {
			isa = PBXSourcesBuildPhase;
			buildActionMask = 2147483647;
			files = (
			);
			runOnlyForDeploymentPostprocessing = 0;
		};
		AA2DAC9E2F04B607002879CD /* Sources */ = {
			isa = PBXSourcesBuildPhase;
			buildActionMask = 2147483647;
			files = (
			);
			runOnlyForDeploymentPostprocessing = 0;
		};
		AA2DACA82F04B607002879CD /* Sources */ = {
			isa = PBXSourcesBuildPhase;
			buildActionMask = 2147483647;
			files = (
			);
			runOnlyForDeploymentPostprocessing = 0;
		};
/* End PBXSourcesBuildPhase section */

/* Begin PBXTargetDependency section */
		AA2DAC962F04B605002879CD /* PBXTargetDependency */ = {
			isa = PBXTargetDependency;
			target = AA2DAC922F04B605002879CD /* test Watch App */;
			targetProxy = AA2DAC952F04B605002879CD /* PBXContainerItemProxy */;
		};
		AA2DACA42F04B607002879CD /* PBXTargetDependency */ = {
			isa = PBXTargetDependency;
			target = AA2DAC922F04B605002879CD /* test Watch App */;
			targetProxy = AA2DACA32F04B607002879CD /* PBXContainerItemProxy */;
		};
		AA2DACAE2F04B607002879CD /* PBXTargetDependency */ = {
			isa = PBXTargetDependency;
			target = AA2DAC922F04B605002879CD /* test Watch App */;
			targetProxy = AA2DACAD2F04B607002879CD /* PBXContainerItemProxy */;
		};
/* End PBXTargetDependency section */

/* Begin XCBuildConfiguration section */
		AA2DACB42F04B607002879CD /* Debug */ = {
			isa = XCBuildConfiguration;
			buildSettings = {
				ALWAYS_SEARCH_USER_PATHS = NO;
				ASSETCATALOG_COMPILER_GENERATE_SWIFT_ASSET_SYMBOL_EXTENSIONS = YES;
				CLANG_ANALYZER_NONNULL = YES;
				CLANG_ANALYZER_NUMBER_OBJECT_CONVERSION = YES_AGGRESSIVE;
				CLANG_CXX_LANGUAGE_STANDARD = "gnu++20";
				CLANG_ENABLE_MODULES = YES;
				CLANG_ENABLE_OBJC_ARC = YES;
				CLANG_ENABLE_OBJC_WEAK = YES;
				CLANG_WARN_BLOCK_CAPTURE_AUTORELEASING = YES;
				CLANG_WARN_BOOL_CONVERSION = YES;
				CLANG_WARN_COMMA = YES;
				CLANG_WARN_CONSTANT_CONVERSION = YES;
				CLANG_WARN_DEPRECATED_OBJC_IMPLEMENTATIONS = YES;
				CLANG_WARN_DIRECT_OBJC_ISA_USAGE = YES_ERROR;
				CLANG_WARN_DOCUMENTATION_COMMENTS = YES;
				CLANG_WARN_EMPTY_BODY = YES;
				CLANG_WARN_ENUM_CONVERSION = YES;
				CLANG_WARN_INFINITE_RECURSION = YES;
				CLANG_WARN_INT_CONVERSION = YES;
				CLANG_WARN_NON_LITERAL_NULL_CONVERSION = YES;
				CLANG_WARN_OBJC_IMPLICIT_RETAIN_SELF = YES;
				CLANG_WARN_OBJC_LITERAL_CONVERSION = YES;
				CLANG_WARN_OBJC_ROOT_CLASS = YES_ERROR;
				CLANG_WARN_QUOTED_INCLUDE_IN_FRAMEWORK_HEADER = YES;
				CLANG_WARN_RANGE_LOOP_ANALYSIS = YES;
				CLANG_WARN_STRICT_PROTOTYPES = YES;
				CLANG_WARN_SUSPICIOUS_MOVE = YES;
				CLANG_WARN_UNGUARDED_AVAILABILITY = YES_AGGRESSIVE;
				CLANG_WARN_UNREACHABLE_CODE = YES;
				CLANG_WARN__DUPLICATE_METHOD_MATCH = YES;
				COPY_PHASE_STRIP = NO;
				DEBUG_INFORMATION_FORMAT = dwarf;
				ENABLE_STRICT_OBJC_MSGSEND = YES;
				ENABLE_TESTABILITY = YES;
				ENABLE_USER_SCRIPT_SANDBOXING = YES;
				GCC_C_LANGUAGE_STANDARD = gnu17;
				GCC_DYNAMIC_NO_PIC = NO;
				GCC_NO_COMMON_BLOCKS = YES;
				GCC_OPTIMIZATION_LEVEL = 0;
				GCC_PREPROCESSOR_DEFINITIONS = (
					"DEBUG=1",
					"$(inherited)",
				);
				GCC_WARN_64_TO_32_BIT_CONVERSION = YES;
				GCC_WARN_ABOUT_RETURN_TYPE = YES_ERROR;
				GCC_WARN_UNDECLARED_SELECTOR = YES;
				GCC_WARN_UNINITIALIZED_AUTOS = YES_AGGRESSIVE;
				GCC_WARN_UNUSED_FUNCTION = YES;
				GCC_WARN_UNUSED_VARIABLE = YES;
				LOCALIZATION_PREFERS_STRING_CATALOGS = YES;
				MTL_ENABLE_DEBUG_INFO = INCLUDE_SOURCE;
				MTL_FAST_MATH = YES;
				ONLY_ACTIVE_ARCH = YES;
				SWIFT_ACTIVE_COMPILATION_CONDITIONS = "DEBUG $(inherited)";
				SWIFT_OPTIMIZATION_LEVEL = "-Onone";
			};
			name = Debug;
		};
		AA2DACB52F04B607002879CD /* Release */ = {
			isa = XCBuildConfiguration;
			buildSettings = {
				ALWAYS_SEARCH_USER_PATHS = NO;
				ASSETCATALOG_COMPILER_GENERATE_SWIFT_ASSET_SYMBOL_EXTENSIONS = YES;
				CLANG_ANALYZER_NONNULL = YES;
				CLANG_ANALYZER_NUMBER_OBJECT_CONVERSION = YES_AGGRESSIVE;
				CLANG_CXX_LANGUAGE_STANDARD = "gnu++20";
				CLANG_ENABLE_MODULES = YES;
				CLANG_ENABLE_OBJC_ARC = YES;
				CLANG_ENABLE_OBJC_WEAK = YES;
				CLANG_WARN_BLOCK_CAPTURE_AUTORELEASING = YES;
				CLANG_WARN_BOOL_CONVERSION = YES;
				CLANG_WARN_COMMA = YES;
				CLANG_WARN_CONSTANT_CONVERSION = YES;
				CLANG_WARN_DEPRECATED_OBJC_IMPLEMENTATIONS = YES;
				CLANG_WARN_DIRECT_OBJC_ISA_USAGE = YES_ERROR;
				CLANG_WARN_DOCUMENTATION_COMMENTS = YES;
				CLANG_WARN_EMPTY_BODY = YES;
				CLANG_WARN_ENUM_CONVERSION = YES;
				CLANG_WARN_INFINITE_RECURSION = YES;
				CLANG_WARN_INT_CONVERSION = YES;
				CLANG_WARN_NON_LITERAL_NULL_CONVERSION = YES;
				CLANG_WARN_OBJC_IMPLICIT_RETAIN_SELF = YES;
				CLANG_WARN_OBJC_LITERAL_CONVERSION = YES;
				CLANG_WARN_OBJC_ROOT_CLASS = YES_ERROR;
				CLANG_WARN_QUOTED_INCLUDE_IN_FRAMEWORK_HEADER = YES;
				CLANG_WARN_RANGE_LOOP_ANALYSIS = YES;
				CLANG_WARN_STRICT_PROTOTYPES = YES;
				CLANG_WARN_SUSPICIOUS_MOVE = YES;
				CLANG_WARN_UNGUARDED_AVAILABILITY = YES_AGGRESSIVE;
				CLANG_WARN_UNREACHABLE_CODE = YES;
				CLANG_WARN__DUPLICATE_METHOD_MATCH = YES;
				COPY_PHASE_STRIP = NO;
				DEBUG_INFORMATION_FORMAT = "dwarf-with-dsym";
				ENABLE_NS_ASSERTIONS = NO;
				ENABLE_STRICT_OBJC_MSGSEND = YES;
				ENABLE_USER_SCRIPT_SANDBOXING = YES;
				GCC_C_LANGUAGE_STANDARD = gnu17;
				GCC_NO_COMMON_BLOCKS = YES;
				GCC_WARN_64_TO_32_BIT_CONVERSION = YES;
				GCC_WARN_ABOUT_RETURN_TYPE = YES_ERROR;
				GCC_WARN_UNDECLARED_SELECTOR = YES;
				GCC_WARN_UNINITIALIZED_AUTOS = YES_AGGRESSIVE;
				GCC_WARN_UNUSED_FUNCTION = YES;
				GCC_WARN_UNUSED_VARIABLE = YES;
				LOCALIZATION_PREFERS_STRING_CATALOGS = YES;
				MTL_ENABLE_DEBUG_INFO = NO;
				MTL_FAST_MATH = YES;
				SWIFT_COMPILATION_MODE = wholemodule;
			};
			name = Release;
		};
		AA2DACB72F04B607002879CD /* Debug */ = {
			isa = XCBuildConfiguration;
			buildSettings = {
				ASSETCATALOG_COMPILER_APPICON_NAME = AppIcon;
				ASSETCATALOG_COMPILER_GLOBAL_ACCENT_COLOR_NAME = AccentColor;
				CODE_SIGN_STYLE = Automatic;
				CURRENT_PROJECT_VERSION = 1;
				ENABLE_PREVIEWS = YES;
				GENERATE_INFOPLIST_FILE = YES;
				INFOPLIST_FILE = "test-Watch-App-Info.plist";
				INFOPLIST_KEY_CFBundleDisplayName = test;
				INFOPLIST_KEY_NSMicrophoneUsageDescription = "This app needs the microphone for real-time calling.";
				INFOPLIST_KEY_UISupportedInterfaceOrientations = "UIInterfaceOrientationPortrait UIInterfaceOrientationPortraitUpsideDown";
				INFOPLIST_KEY_WKWatchOnly = YES;
				LD_RUNPATH_SEARCH_PATHS = (
					"$(inherited)",
					"@executable_path/Frameworks",
				);
				MARKETING_VERSION = 1.0;
				PRODUCT_BUNDLE_IDENTIFIER = com.cozyty.test.watchkitapp;
				PRODUCT_NAME = "$(TARGET_NAME)";
				SDKROOT = watchos;
				SKIP_INSTALL = YES;
				STRING_CATALOG_GENERATE_SYMBOLS = YES;
				SWIFT_APPROACHABLE_CONCURRENCY = YES;
				SWIFT_DEFAULT_ACTOR_ISOLATION = MainActor;
				SWIFT_EMIT_LOC_STRINGS = YES;
				SWIFT_UPCOMING_FEATURE_MEMBER_IMPORT_VISIBILITY = YES;
				SWIFT_VERSION = 5.0;
				TARGETED_DEVICE_FAMILY = 4;
				WATCHOS_DEPLOYMENT_TARGET = 26.2;
			};
			name = Debug;
		};
		AA2DACB82F04B607002879CD /* Release */ = {
			isa = XCBuildConfiguration;
			buildSettings = {
				ASSETCATALOG_COMPILER_APPICON_NAME = AppIcon;
				ASSETCATALOG_COMPILER_GLOBAL_ACCENT_COLOR_NAME = AccentColor;
				CODE_SIGN_STYLE = Automatic;
				CURRENT_PROJECT_VERSION = 1;
				ENABLE_PREVIEWS = YES;
				GENERATE_INFOPLIST_FILE = YES;
				INFOPLIST_FILE = "test-Watch-App-Info.plist";
				INFOPLIST_KEY_CFBundleDisplayName = test;
				INFOPLIST_KEY_NSMicrophoneUsageDescription = "This app needs the microphone for real-time calling.";
				INFOPLIST_KEY_UISupportedInterfaceOrientations = "UIInterfaceOrientationPortrait UIInterfaceOrientationPortraitUpsideDown";
				INFOPLIST_KEY_WKWatchOnly = YES;
				LD_RUNPATH_SEARCH_PATHS = (
					"$(inherited)",
					"@executable_path/Frameworks",
				);
				MARKETING_VERSION = 1.0;
				PRODUCT_BUNDLE_IDENTIFIER = com.cozyty.test.watchkitapp;
				PRODUCT_NAME = "$(TARGET_NAME)";
				SDKROOT = watchos;
				SKIP_INSTALL = YES;
				STRING_CATALOG_GENERATE_SYMBOLS = YES;
				SWIFT_APPROACHABLE_CONCURRENCY = YES;
				SWIFT_DEFAULT_ACTOR_ISOLATION = MainActor;
				SWIFT_EMIT_LOC_STRINGS = YES;
				SWIFT_UPCOMING_FEATURE_MEMBER_IMPORT_VISIBILITY = YES;
				SWIFT_VERSION = 5.0;
				TARGETED_DEVICE_FAMILY = 4;
				VALIDATE_PRODUCT = YES;
				WATCHOS_DEPLOYMENT_TARGET = 26.2;
			};
			name = Release;
		};
		AA2DACBB2F04B607002879CD /* Debug */ = {
			isa = XCBuildConfiguration;
			buildSettings = {
				CODE_SIGN_STYLE = Automatic;
				CURRENT_PROJECT_VERSION = 1;
				INFOPLIST_KEY_CFBundleDisplayName = test;
				MARKETING_VERSION = 1.0;
				PRODUCT_BUNDLE_IDENTIFIER = com.cozyty.test;
				PRODUCT_NAME = "$(TARGET_NAME)";
				SDKROOT = iphoneos;
				SWIFT_APPROACHABLE_CONCURRENCY = YES;
				SWIFT_UPCOMING_FEATURE_MEMBER_IMPORT_VISIBILITY = YES;
				SWIFT_VERSION = 5.0;
			};
			name = Debug;
		};
		AA2DACBC2F04B607002879CD /* Release */ = {
			isa = XCBuildConfiguration;
			buildSettings = {
				CODE_SIGN_STYLE = Automatic;
				CURRENT_PROJECT_VERSION = 1;
				INFOPLIST_KEY_CFBundleDisplayName = test;
				MARKETING_VERSION = 1.0;
				PRODUCT_BUNDLE_IDENTIFIER = com.cozyty.test;
				PRODUCT_NAME = "$(TARGET_NAME)";
				SDKROOT = iphoneos;
				SWIFT_APPROACHABLE_CONCURRENCY = YES;
				SWIFT_UPCOMING_FEATURE_MEMBER_IMPORT_VISIBILITY = YES;
				SWIFT_VERSION = 5.0;
				VALIDATE_PRODUCT = YES;
			};
			name = Release;
		};
		AA2DACBE2F04B607002879CD /* Debug */ = {
			isa = XCBuildConfiguration;
			buildSettings = {
				BUNDLE_LOADER = "$(TEST_HOST)";
				CODE_SIGN_STYLE = Automatic;
				CURRENT_PROJECT_VERSION = 1;
				GENERATE_INFOPLIST_FILE = YES;
				MARKETING_VERSION = 1.0;
				PRODUCT_BUNDLE_IDENTIFIER = "com.cozyty.test-Watch-AppTests";
				PRODUCT_NAME = "$(TARGET_NAME)";
				SDKROOT = watchos;
				STRING_CATALOG_GENERATE_SYMBOLS = NO;
				SWIFT_APPROACHABLE_CONCURRENCY = YES;
				SWIFT_EMIT_LOC_STRINGS = NO;
				SWIFT_UPCOMING_FEATURE_MEMBER_IMPORT_VISIBILITY = YES;
				SWIFT_VERSION = 5.0;
				TARGETED_DEVICE_FAMILY = 4;
				TEST_HOST = "$(BUILT_PRODUCTS_DIR)/test Watch App.app/$(BUNDLE_EXECUTABLE_FOLDER_PATH)/test Watch App";
				WATCHOS_DEPLOYMENT_TARGET = 26.2;
			};
			name = Debug;
		};
		AA2DACBF2F04B607002879CD /* Release */ = {
			isa = XCBuildConfiguration;
			buildSettings = {
				BUNDLE_LOADER = "$(TEST_HOST)";
				CODE_SIGN_STYLE = Automatic;
				CURRENT_PROJECT_VERSION = 1;
				GENERATE_INFOPLIST_FILE = YES;
				MARKETING_VERSION = 1.0;
				PRODUCT_BUNDLE_IDENTIFIER = "com.cozyty.test-Watch-AppTests";
				PRODUCT_NAME = "$(TARGET_NAME)";
				SDKROOT = watchos;
				STRING_CATALOG_GENERATE_SYMBOLS = NO;
				SWIFT_APPROACHABLE_CONCURRENCY = YES;
				SWIFT_EMIT_LOC_STRINGS = NO;
				SWIFT_UPCOMING_FEATURE_MEMBER_IMPORT_VISIBILITY = YES;
				SWIFT_VERSION = 5.0;
				TARGETED_DEVICE_FAMILY = 4;
				TEST_HOST = "$(BUILT_PRODUCTS_DIR)/test Watch App.app/$(BUNDLE_EXECUTABLE_FOLDER_PATH)/test Watch App";
				VALIDATE_PRODUCT = YES;
				WATCHOS_DEPLOYMENT_TARGET = 26.2;
			};
			name = Release;
		};
		AA2DACC12F04B607002879CD /* Debug */ = {
			isa = XCBuildConfiguration;
			buildSettings = {
				CODE_SIGN_STYLE = Automatic;
				CURRENT_PROJECT_VERSION = 1;
				GENERATE_INFOPLIST_FILE = YES;
				MARKETING_VERSION = 1.0;
				PRODUCT_BUNDLE_IDENTIFIER = "com.cozyty.test-Watch-AppUITests";
				PRODUCT_NAME = "$(TARGET_NAME)";
				SDKROOT = watchos;
				STRING_CATALOG_GENERATE_SYMBOLS = NO;
				SWIFT_APPROACHABLE_CONCURRENCY = YES;
				SWIFT_EMIT_LOC_STRINGS = NO;
				SWIFT_UPCOMING_FEATURE_MEMBER_IMPORT_VISIBILITY = YES;
				SWIFT_VERSION = 5.0;
				TARGETED_DEVICE_FAMILY = 4;
				TEST_TARGET_NAME = "test Watch App";
				WATCHOS_DEPLOYMENT_TARGET = 26.2;
			};
			name = Debug;
		};
		AA2DACC22F04B607002879CD /* Release */ = {
			isa = XCBuildConfiguration;
			buildSettings = {
				CODE_SIGN_STYLE = Automatic;
				CURRENT_PROJECT_VERSION = 1;
				GENERATE_INFOPLIST_FILE = YES;
				MARKETING_VERSION = 1.0;
				PRODUCT_BUNDLE_IDENTIFIER = "com.cozyty.test-Watch-AppUITests";
				PRODUCT_NAME = "$(TARGET_NAME)";
				SDKROOT = watchos;
				STRING_CATALOG_GENERATE_SYMBOLS = NO;
				SWIFT_APPROACHABLE_CONCURRENCY = YES;
				SWIFT_EMIT_LOC_STRINGS = NO;
				SWIFT_UPCOMING_FEATURE_MEMBER_IMPORT_VISIBILITY = YES;
				SWIFT_VERSION = 5.0;
				TARGETED_DEVICE_FAMILY = 4;
				TEST_TARGET_NAME = "test Watch App";
				VALIDATE_PRODUCT = YES;
				WATCHOS_DEPLOYMENT_TARGET = 26.2;
			};
			name = Release;
		};
/* End XCBuildConfiguration section */

/* Begin XCConfigurationList section */
		AA2DAC8A2F04B604002879CD /* Build configuration list for PBXProject "test" */ = {
			isa = XCConfigurationList;
			buildConfigurations = (
				AA2DACB42F04B607002879CD /* Debug */,
				AA2DACB52F04B607002879CD /* Release */,
			);
			defaultConfigurationIsVisible = 0;
			defaultConfigurationName = Release;
		};
		AA2DACB62F04B607002879CD /* Build configuration list for PBXNativeTarget "test Watch App" */ = {
			isa = XCConfigurationList;
			buildConfigurations = (
				AA2DACB72F04B607002879CD /* Debug */,
				AA2DACB82F04B607002879CD /* Release */,
			);
			defaultConfigurationIsVisible = 0;
			defaultConfigurationName = Release;
		};
		AA2DACBA2F04B607002879CD /* Build configuration list for PBXNativeTarget "test" */ = {
			isa = XCConfigurationList;
			buildConfigurations = (
				AA2DACBB2F04B607002879CD /* Debug */,
				AA2DACBC2F04B607002879CD /* Release */,
			);
			defaultConfigurationIsVisible = 0;
			defaultConfigurationName = Release;
		};
		AA2DACBD2F04B607002879CD /* Build configuration list for PBXNativeTarget "test Watch AppTests" */ = {
			isa = XCConfigurationList;
			buildConfigurations = (
				AA2DACBE2F04B607002879CD /* Debug */,
				AA2DACBF2F04B607002879CD /* Release */,
			);
			defaultConfigurationIsVisible = 0;
			defaultConfigurationName = Release;
		};
		AA2DACC02F04B607002879CD /* Build configuration list for PBXNativeTarget "test Watch AppUITests" */ = {
			isa = XCConfigurationList;
			buildConfigurations = (
				AA2DACC12F04B607002879CD /* Debug */,
				AA2DACC22F04B607002879CD /* Release */,
			);
			defaultConfigurationIsVisible = 0;
			defaultConfigurationName = Release;
		};
/* End XCConfigurationList section */

/* Begin XCRemoteSwiftPackageReference section */
		AA2DACDC2F058611002879CD /* XCRemoteSwiftPackageReference "swift-opus" */ = {
			isa = XCRemoteSwiftPackageReference;
			repositoryURL = "https://github.com/alta/swift-opus";
			requirement = {
				kind = upToNextMajorVersion;
				minimumVersion = 0.0.2;
			};
		};
/* End XCRemoteSwiftPackageReference section */

/* Begin XCSwiftPackageProductDependency section */
		AA2DACDD2F058611002879CD /* Copus */ = {
			isa = XCSwiftPackageProductDependency;
			package = AA2DACDC2F058611002879CD /* XCRemoteSwiftPackageReference "swift-opus" */;
			productName = Copus;
		};
		AA2DACDF2F058611002879CD /* Opus */ = {
			isa = XCSwiftPackageProductDependency;
			package = AA2DACDC2F058611002879CD /* XCRemoteSwiftPackageReference "swift-opus" */;
			productName = Opus;
		};
/* End XCSwiftPackageProductDependency section */
	};
	rootObject = AA2DAC872F04B604002879CD /* Project object */;
}
